
Microsoft Visual Studio Solution File, Format Version 12.00
# Visual Studio Version 17
VisualStudioVersion = 17.2.32519.379
MinimumVisualStudioVersion = 10.0.40219.1
Project("{9A19103F-16F7-4668-BE54-9A1E7A4F7556}") = "PolyploidQtlSeq", "PolyploidQtlSeq\PolyploidQtlSeq.csproj", "{E83D574F-58EB-4582-8FDE-D61C5A65F109}"
EndProject
Project("{9A19103F-16F7-4668-BE54-9A1E7A4F7556}") = "PolyploidQtlSeqCore", "PolyploidQtlSeqCore\PolyploidQtlSeqCore.csproj", "{AC4EABD9-5A72-4C5D-827C-4695CA896CED}"
EndProject
Project("{9A19103F-16F7-4668-BE54-9A1E7A4F7556}") = "Sequence.Position", "Sequence.Position\Sequence.Position.csproj", "{D4C936B9-7198-46D3-83AB-8ECD0799D915}"
EndProject
Project("{9A19103F-16F7-4668-BE54-9A1E7A4F7556}") = "PolyploidQtlSeqWslTests", "..\PolyploidQtlSeqTests\PolyploidQtlSeqWslTests\PolyploidQtlSeqWslTests.csproj", "{20FEE656-5A05-4D9B-97A7-B660ADE406F9}"
EndProject
Project("{9A19103F-16F7-4668-BE54-9A1E7A4F7556}") = "PolyploidQtlSeqTests", "..\PolyploidQtlSeqTests\PolyploidQtlSeqTests\PolyploidQtlSeqTests.csproj", "{C5431305-3FB8-4A3D-9031-E9366E359139}"
EndProject
Project("{2150E333-8FDC-42A3-9474-1A3956D46DE8}") = "Solution Items", "Solution Items", "{DDB4EF12-CC4E-5E88-E6FC-71A802F4DE97}"
	ProjectSection(SolutionItems) = preProject
		.editorconfig = .editorconfig
	EndProjectSection
EndProject
Global
	GlobalSection(SolutionConfigurationPlatforms) = preSolution
		Debug|Any CPU = Debug|Any CPU
		Release|Any CPU = Release|Any CPU
	EndGlobalSection
	GlobalSection(ProjectConfigurationPlatforms) = postSolution
		{E83D574F-58EB-4582-8FDE-D61C5A65F109}.Debug|Any CPU.ActiveCfg = Debug|Any CPU
		{E83D574F-58EB-4582-8FDE-D61C5A65F109}.Debug|Any CPU.Build.0 = Debug|Any CPU
		{E83D574F-58EB-4582-8FDE-D61C5A65F109}.Release|Any CPU.ActiveCfg = Release|Any CPU
		{E83D574F-58EB-4582-8FDE-D61C5A65F109}.Release|Any CPU.Build.0 = Release|Any CPU
		{AC4EABD9-5A72-4C5D-827C-4695CA896CED}.Debug|Any CPU.ActiveCfg = Debug|Any CPU
		{AC4EABD9-5A72-4C5D-827C-4695CA896CED}.Debug|Any CPU.Build.0 = Debug|Any CPU
		{AC4EABD9-5A72-4C5D-827C-4695CA896CED}.Release|Any CPU.ActiveCfg = Release|Any CPU
		{AC4EABD9-5A72-4C5D-827C-4695CA896CED}.Release|Any CPU.Build.0 = Release|Any CPU
		{D4C936B9-7198-46D3-83AB-8ECD0799D915}.Debug|Any CPU.ActiveCfg = Debug|Any CPU
		{D4C936B9-7198-46D3-83AB-8ECD0799D915}.Debug|Any CPU.Build.0 = Debug|Any CPU
		{D4C936B9-7198-46D3-83AB-8ECD0799D915}.Release|Any CPU.ActiveCfg = Release|Any CPU
		{D4C936B9-7198-46D3-83AB-8ECD0799D915}.Release|Any CPU.Build.0 = Release|Any CPU
		{20FEE656-5A05-4D9B-97A7-B660ADE406F9}.Debug|Any CPU.ActiveCfg = Debug|Any CPU
		{20FEE656-5A05-4D9B-97A7-B660ADE406F9}.Debug|Any CPU.Build.0 = Debug|Any CPU
		{20FEE656-5A05-4D9B-97A7-B660ADE406F9}.Release|Any CPU.ActiveCfg = Release|Any CPU
		{C5431305-3FB8-4A3D-9031-E9366E359139}.Debug|Any CPU.ActiveCfg = Debug|Any CPU
		{C5431305-3FB8-4A3D-9031-E9366E359139}.Debug|Any CPU.Build.0 = Debug|Any CPU
		{C5431305-3FB8-4A3D-9031-E9366E359139}.Release|Any CPU.ActiveCfg = Release|Any CPU
	EndGlobalSection
	GlobalSection(SolutionProperties) = preSolution
		HideSolutionNode = FALSE
	EndGlobalSection
	GlobalSection(ExtensibilityGlobals) = postSolution
		SolutionGuid = {2C86306B-A335-40C2-9659-E931062A3F70}
	EndGlobalSection
EndGlobal
